github.com/Freeaqingme/dkim v0.0.0-20160606200812-57418d2fbdcd h1:OXAdgeC8/sNLxo6w6GjeW/yTU0iLrcv6BZXzbsgHZLY=
github.com/Freeaqingme/dkim v0.0.0-20160606200812-57418d2fbdcd/go.mod h1:2jaO1ZDxGuwzrfRhIe1QKvws/FY3SJ9f1EMNLQLTa0g=
github.com/davecgh/go-spew v1.1.1/go.mod h1:J7Y8YcW2NihsgmVo/mv3lAwl/skON4iLHjSsI+c5H38=
github.com/google/uuid v1.0.0 h1:b4Gk+7WdP/d3HZH8EJsZpvV7EtDOgaZLtnaNGIu1adA=
github.com/google/uuid v1.0.0/go.mod h1:TIyPZe4MgqvfeYDBFedMoGGpEw/LqOeaOT+nhxU+yHo=
github.com/hectane/go-acl v0.0.0-20190604041725-da78bae5fc95 h1:S4qyfL2sEm5Budr4KVMyEniCy+PbS55651I/a+Kn/NQ=
github.com/hectane/go-acl v0.0.0-20190604041725-da78bae5fc95/go.mod h1:QiyDdbZLaJ/mZP4Zwc9g2QsfaEA4o7XvvgZegSci5/E=
github.com/hectane/go-asyncserver v0.1.0 h1:miQMVjLchB0fklo4nKoUp3votMOCSJhddVlPSmyiieM=
github.com/hectane/go-asyncserver v0.1.0/go.mod h1:waBaOSU0nKsRCHYMISp/+MSakn6C5HyDSF3y0NUknu0=
github.com/hectane/go-nonblockingchan v0.1.0 h1:w5dFzLYim23KoK64xqfA0iSMNMA8ruLXvGkyXlZBDFY=
github.com/hectane/go-nonblockingchan v0.1.0/go.mod h1:Ztuu6NIB+3zEHbsCEXcynf5a4B49/PofiBiQUGDGbRw=
github.com/hectane/go-smtpsrv v0.0.0-20161026181416-2bd6a60e2610 h1:O7VZ3opIi+3pw/4RAxrn2cozx2DsRNikQKmkxxO8nvM=
github.com/hectane/go-smtpsrv v0.0.0-20161026181416-2bd6a60e2610/go.mod h1:m3r0biV6j+PK8QmITOt6Pv6/HmCQrhIdkN5Jr43N5G8=
github.com/hectane/hectane v0.3.2 h1:UyJMWFHtKNiK40cJvfzi/a3PuUTF0nf6kFRULt/joYc=
github.com/hectane/hectane v0.3.2/go.mod h1:enmgBsfbzuxwQ9OLZeWYMWJt27wcegpNZORlhfw77p0=
github.com/kardianos/osext v0.0.0-20190222173326-2bc1f35cddc0 h1:iQTw/8FWTuc7uiaSepXwyf3o52HaUYcV+Tu66S3F5GA=
github.com/kardianos/osext v0.0.0-20190222173326-2bc1f35cddc0/go.mod h1:1NbS8ALrpOvjt0rHPNLyCIeMtbizbir8U//inJ+zuB8=
github.com/kennygrant/sanitize v1.2.4 h1:gN25/otpP5vAsO2djbMhF/LQX6R7+O1TB4yv8NzpJ3o=
github.com/kennygrant/sanitize v1.2.4/go.mod h1:LGsjYYtgxbetdg5owWB2mpgUL6e2nfw2eObZ0u0qvak=
github.com/konsorten/go-windows-terminal-sequences v1.0.1 h1:mweAR1A6xJ3oS2pRaGiHgQ4OO8tzTaLawm8vnODuwDk=
github.com/konsorten/go-windows-terminal-sequences v1.0.1/go.mod h1:T0+1ngSBFLxvqU3pZ+m/2kptfBszLMUkC4ZK/EgS/cQ=
github.com/pborman/uuid v1.2.0 h1:J7Q5mO4ysT1dv8hyrUGHb9+ooztCXu1D8MY8DZYsu3g=
github.com/pborman/uuid v1.2.0/go.mod h1:X/NO0urCmaxf9VXbdlT7C2Yzkj2IKimNn4k+gtPdI/k=
github.com/pmezard/go-difflib v1.0.0/go.mod h1:iKH77koFhYxTK1pcRnkKkqfTogsbg7gZNVY4sRDYZ/4=
github.com/sirupsen/logrus v1.5.0 h1:1N5EYkVAPEywqZRJd7cwnRtCb6xJx7NH3T3WUTF980Q=
github.com/sirupsen/logrus v1.5.0/go.mod h1:+F7Ogzej0PZc/94MaYx/nvG9jOFMD2osvC3s+Squfpo=
github.com/stretchr/testify v1.2.2/go.mod h1:a8OnRcib4nhh0OaRAV+Yts87kKdq0PP7pXfy6kDkUVs=
golang.org/x/crypto v0.0.0-20190308221718-c2843e01d9a2/go.mod h1:djNgcEr1/C05ACkg1iLfiJU5Ep61QUkGW8qpdssI0+w=
golang.org/x/net v0.0.0-20200324143707-d3edc9973b7e h1:3G+cUijn7XD+S4eJFddp53Pv7+slrESplyjG25HgL+k=
golang.org/x/net v0.0.0-20200324143707-d3edc9973b7e/go.mod h1:qpuaurCH72eLCgpAm/N6yyVIVM9cpaDIP3A8BGJEC5A=
golang.org/x/sys v0.0.0-20190215142949-d0b11bdaac8a/go.mod h1:STP8DvDyc/dI5b8T5hshtkjS+E42TnysNCUPdjciGhY=
golang.org/x/sys v0.0.0-20190422165155-953cdadca894/go.mod h1:h1NjWce9XRLGQEsW7wpKNCjG9DtNlClVuFLEZdDNbEs=
golang.org/x/sys v0.0.0-20190529164535-6a60838ec259/go.mod h1:h1NjWce9XRLGQEsW7wpKNCjG9DtNlClVuFLEZdDNbEs=
golang.org/x/sys v0.0.0-20200323222414-85ca7c5b95cd/go.mod h1:h1NjWce9XRLGQEsW7wpKNCjG9DtNlClVuFLEZdDNbEs=
golang.org/x/sys v0.0.0-20200413165638-669c56c373c4 h1:opSr2sbRXk5X5/givKrrKj9HXxFpW2sdCiP8MJSKLQY=
golang.org/x/sys v0.0.0-20200413165638-669c56c373c4/go.mod h1:h1NjWce9XRLGQEsW7wpKNCjG9DtNlClVuFLEZdDNbEs=
golang.org/x/text v0.3.0/go.mod h1:NqM8EUOU14njkJ3fqMW+pc6Ldnwhi/IjpwHt7yyuwOQ=
